
Microsoft Visual Studio Solution File, Format Version 12.00
# Visual Studio Version 17
VisualStudioVersion = 17.9.34622.214
MinimumVisualStudioVersion = 10.0.40219.1
Project("{9A19103F-16F7-4668-BE54-9A1E7A4F7556}") = "SpecSharer", "SpecSharer\SpecSharer.csproj", "{07BCCE2C-F8F8-497C-9DA6-6A6105E88818}"
EndProject
Project("{9A19103F-16F7-4668-BE54-9A1E7A4F7556}") = "SpecSharerTests", "SpecSharerTests\SpecSharerTests.csproj", "{BA73B93A-AA85-46F6-82F9-62B3895AAF8F}"
EndProject
Global
	GlobalSection(SolutionConfigurationPlatforms) = preSolution
		Debug|Any CPU = Debug|Any CPU
		Release|Any CPU = Release|Any CPU
	EndGlobalSection
	GlobalSection(ProjectConfigurationPlatforms) = postSolution
		{07BCCE2C-F8F8-497C-9DA6-6A6105E88818}.Debug|Any CPU.ActiveCfg = Debug|Any CPU
		{07BCCE2C-F8F8-497C-9DA6-6A6105E88818}.Debug|Any CPU.Build.0 = Debug|Any CPU
		{07BCCE2C-F8F8-497C-9DA6-6A6105E88818}.Release|Any CPU.ActiveCfg = Release|Any CPU
		{07BCCE2C-F8F8-497C-9DA6-6A6105E88818}.Release|Any CPU.Build.0 = Release|Any CPU
		{BA73B93A-AA85-46F6-82F9-62B3895AAF8F}.Debug|Any CPU.ActiveCfg = Debug|Any CPU
		{BA73B93A-AA85-46F6-82F9-62B3895AAF8F}.Debug|Any CPU.Build.0 = Debug|Any CPU
		{BA73B93A-AA85-46F6-82F9-62B3895AAF8F}.Release|Any CPU.ActiveCfg = Release|Any CPU
		{BA73B93A-AA85-46F6-82F9-62B3895AAF8F}.Release|Any CPU.Build.0 = Release|Any CPU
	EndGlobalSection
	GlobalSection(SolutionProperties) = preSolution
		HideSolutionNode = FALSE
	EndGlobalSection
	GlobalSection(ExtensibilityGlobals) = postSolution
		SolutionGuid = {A50CD0B7-7368-4E51-ACD1-52F62A1D013E}
	EndGlobalSection
EndGlobal
